
Microsoft Visual Studio Solution File, Format Version 12.00
# Visual Studio Version 17
VisualStudioVersion = 17.9.34701.34
MinimumVisualStudioVersion = 10.0.40219.1
Project("{9A19103F-16F7-4668-BE54-9A1E7A4F7556}") = "QuanLyQuanAn", "QuanLyQuanAn\QuanLyQuanAn.csproj", "{EF9CD4B4-061A-4EA8-97AE-93EF6A576801}"
EndProject
Project("{2150E333-8FDC-42A3-9474-1A3956D46DE8}") = "DevExtreme NuGet.config", "DevExtreme NuGet.config", "{B1FFD5F7-635F-42BF-841B-1A2176178226}"
	ProjectSection(SolutionItems) = preProject
		NuGet.config = NuGet.config
	EndProjectSection
EndProject
Global
	GlobalSection(SolutionConfigurationPlatforms) = preSolution
		Debug|Any CPU = Debug|Any CPU
		Release|Any CPU = Release|Any CPU
	EndGlobalSection
	GlobalSection(ProjectConfigurationPlatforms) = postSolution
		{EF9CD4B4-061A-4EA8-97AE-93EF6A576801}.Debug|Any CPU.ActiveCfg = Debug|Any CPU
		{EF9CD4B4-061A-4EA8-97AE-93EF6A576801}.Debug|Any CPU.Build.0 = Debug|Any CPU
		{EF9CD4B4-061A-4EA8-97AE-93EF6A576801}.Release|Any CPU.ActiveCfg = Release|Any CPU
		{EF9CD4B4-061A-4EA8-97AE-93EF6A576801}.Release|Any CPU.Build.0 = Release|Any CPU
	EndGlobalSection
	GlobalSection(SolutionProperties) = preSolution
		HideSolutionNode = FALSE
	EndGlobalSection
	GlobalSection(ExtensibilityGlobals) = postSolution
		SolutionGuid = {72C87CDE-65D6-4760-BFF5-D0FAF43ECFDE}
	EndGlobalSection
EndGlobal
